
Microsoft Visual Studio Solution File, Format Version 12.00
# Visual Studio Version 17
VisualStudioVersion = 17.10.35122.118
MinimumVisualStudioVersion = 10.0.40219.1
Project("{FAE04EC0-301F-11D3-BF4B-00C04F79EFBC}") = "QuadraticSolver", "QuadraticSolver\QuadraticSolver.csproj", "{019103C7-0415-4BFE-B8D8-3B8413F5F45F}"
EndProject
Project("{FAE04EC0-301F-11D3-BF4B-00C04F79EFBC}") = "QuadraticSolver.Tests", "QuadraticSolver.Tests\QuadraticSolver.Tests.csproj", "{5CFB5A69-F1EA-4320-9BBA-D5FBE5A1E5F8}"
EndProject
Global
	GlobalSection(SolutionConfigurationPlatforms) = preSolution
		Debug|Any CPU = Debug|Any CPU
		Release|Any CPU = Release|Any CPU
	EndGlobalSection
	GlobalSection(ProjectConfigurationPlatforms) = postSolution
		{019103C7-0415-4BFE-B8D8-3B8413F5F45F}.Debug|Any CPU.ActiveCfg = Debug|Any CPU
		{019103C7-0415-4BFE-B8D8-3B8413F5F45F}.Debug|Any CPU.Build.0 = Debug|Any CPU
		{019103C7-0415-4BFE-B8D8-3B8413F5F45F}.Release|Any CPU.ActiveCfg = Release|Any CPU
		{019103C7-0415-4BFE-B8D8-3B8413F5F45F}.Release|Any CPU.Build.0 = Release|Any CPU
		{5CFB5A69-F1EA-4320-9BBA-D5FBE5A1E5F8}.Debug|Any CPU.ActiveCfg = Debug|Any CPU
		{5CFB5A69-F1EA-4320-9BBA-D5FBE5A1E5F8}.Debug|Any CPU.Build.0 = Debug|Any CPU
		{5CFB5A69-F1EA-4320-9BBA-D5FBE5A1E5F8}.Release|Any CPU.ActiveCfg = Release|Any CPU
		{5CFB5A69-F1EA-4320-9BBA-D5FBE5A1E5F8}.Release|Any CPU.Build.0 = Release|Any CPU
	EndGlobalSection
	GlobalSection(SolutionProperties) = preSolution
		HideSolutionNode = FALSE
	EndGlobalSection
	GlobalSection(ExtensibilityGlobals) = postSolution
		SolutionGuid = {741CA9B9-67D9-4271-81A6-37796D0DCB7F}
	EndGlobalSection
EndGlobal
